
Microsoft Visual Studio Solution File, Format Version 12.00
# Visual Studio 15
VisualStudioVersion = 15.0.26430.13
MinimumVisualStudioVersion = 10.0.40219.1
Project("{D954291E-2A0B-460D-934E-DC6B0785DB48}") = "Storyworld.Mobile", "Storyworld.Mobile\Storyworld.Mobile\Storyworld.Mobile.shproj", "{02FCB029-F176-4F8B-BEFF-1804BB3F8487}"
EndProject
Project("{FAE04EC0-301F-11D3-BF4B-00C04F79EFBC}") = "Storyworld.Mobile.Android", "Storyworld.Mobile\Storyworld.Mobile.Android\Storyworld.Mobile.Android.csproj", "{BF2997D0-4F1A-4FED-9CE0-47A34C635121}"
EndProject
Project("{FAE04EC0-301F-11D3-BF4B-00C04F79EFBC}") = "Storyworld.Mobile.iOS", "Storyworld.Mobile\Storyworld.Mobile.iOS\Storyworld.Mobile.iOS.csproj", "{0B5DAF07-2BBD-4756-82B1-78F193F667B8}"
EndProject
Project("{FAE04EC0-301F-11D3-BF4B-00C04F79EFBC}") = "Storyworld.Mobile.UWP", "Storyworld.Mobile\Storyworld.Mobile.UWP\Storyworld.Mobile.UWP.csproj", "{0DC62B7A-FDD5-45D8-849F-4109B6B44350}"
EndProject
Global
	GlobalSection(SharedMSBuildProjectFiles) = preSolution
		Storyworld.Mobile\Storyworld.Mobile\Storyworld.Mobile.projitems*{02fcb029-f176-4f8b-beff-1804bb3f8487}*SharedItemsImports = 13
	EndGlobalSection
	GlobalSection(SolutionConfigurationPlatforms) = preSolution
		Debug|Any CPU = Debug|Any CPU
		Debug|ARM = Debug|ARM
		Debug|iPhone = Debug|iPhone
		Debug|iPhoneSimulator = Debug|iPhoneSimulator
		Debug|x64 = Debug|x64
		Debug|x86 = Debug|x86
		Release|Any CPU = Release|Any CPU
		Release|ARM = Release|ARM
		Release|iPhone = Release|iPhone
		Release|iPhoneSimulator = Release|iPhoneSimulator
		Release|x64 = Release|x64
		Release|x86 = Release|x86
	EndGlobalSection
	GlobalSection(ProjectConfigurationPlatforms) = postSolution
		{BF2997D0-4F1A-4FED-9CE0-47A34C635121}.Debug|Any CPU.ActiveCfg = Debug|Any CPU
		{BF2997D0-4F1A-4FED-9CE0-47A34C635121}.Debug|Any CPU.Build.0 = Debug|Any CPU
		{BF2997D0-4F1A-4FED-9CE0-47A34C635121}.Debug|Any CPU.Deploy.0 = Debug|Any CPU
		{BF2997D0-4F1A-4FED-9CE0-47A34C635121}.Debug|ARM.ActiveCfg = Debug|Any CPU
		{BF2997D0-4F1A-4FED-9CE0-47A34C635121}.Debug|ARM.Build.0 = Debug|Any CPU
		{BF2997D0-4F1A-4FED-9CE0-47A34C635121}.Debug|ARM.Deploy.0 = Debug|Any CPU
		{BF2997D0-4F1A-4FED-9CE0-47A34C635121}.Debug|iPhone.ActiveCfg = Debug|Any CPU
		{BF2997D0-4F1A-4FED-9CE0-47A34C635121}.Debug|iPhone.Build.0 = Debug|Any CPU
		{BF2997D0-4F1A-4FED-9CE0-47A34C635121}.Debug|iPhone.Deploy.0 = Debug|Any CPU
		{BF2997D0-4F1A-4FED-9CE0-47A34C635121}.Debug|iPhoneSimulator.ActiveCfg = Debug|Any CPU
		{BF2997D0-4F1A-4FED-9CE0-47A34C635121}.Debug|iPhoneSimulator.Build.0 = Debug|Any CPU
		{BF2997D0-4F1A-4FED-9CE0-47A34C635121}.Debug|iPhoneSimulator.Deploy.0 = Debug|Any CPU
		{BF2997D0-4F1A-4FED-9CE0-47A34C635121}.Debug|x64.ActiveCfg = Debug|Any CPU
		{BF2997D0-4F1A-4FED-9CE0-47A34C635121}.Debug|x64.Build.0 = Debug|Any CPU
		{BF2997D0-4F1A-4FED-9CE0-47A34C635121}.Debug|x64.Deploy.0 = Debug|Any CPU
		{BF2997D0-4F1A-4FED-9CE0-47A34C635121}.Debug|x86.ActiveCfg = Debug|Any CPU
		{BF2997D0-4F1A-4FED-9CE0-47A34C635121}.Debug|x86.Build.0 = Debug|Any CPU
		{BF2997D0-4F1A-4FED-9CE0-47A34C635121}.Debug|x86.Deploy.0 = Debug|Any CPU
		{BF2997D0-4F1A-4FED-9CE0-47A34C635121}.Release|Any CPU.ActiveCfg = Release|Any CPU
		{BF2997D0-4F1A-4FED-9CE0-47A34C635121}.Release|Any CPU.Build.0 = Release|Any CPU
		{BF2997D0-4F1A-4FED-9CE0-47A34C635121}.Release|Any CPU.Deploy.0 = Release|Any CPU
		{BF2997D0-4F1A-4FED-9CE0-47A34C635121}.Release|ARM.ActiveCfg = Release|Any CPU
		{BF2997D0-4F1A-4FED-9CE0-47A34C635121}.Release|ARM.Build.0 = Release|Any CPU
		{BF2997D0-4F1A-4FED-9CE0-47A34C635121}.Release|ARM.Deploy.0 = Release|Any CPU
		{BF2997D0-4F1A-4FED-9CE0-47A34C635121}.Release|iPhone.ActiveCfg = Release|Any CPU
		{BF2997D0-4F1A-4FED-9CE0-47A34C635121}.Release|iPhone.Build.0 = Release|Any CPU
		{BF2997D0-4F1A-4FED-9CE0-47A34C635121}.Release|iPhone.Deploy.0 = Release|Any CPU
		{BF2997D0-4F1A-4FED-9CE0-47A34C635121}.Release|iPhoneSimulator.ActiveCfg = Release|Any CPU
		{BF2997D0-4F1A-4FED-9CE0-47A34C635121}.Release|iPhoneSimulator.Build.0 = Release|Any CPU
		{BF2997D0-4F1A-4FED-9CE0-47A34C635121}.Release|iPhoneSimulator.Deploy.0 = Release|Any CPU
		{BF2997D0-4F1A-4FED-9CE0-47A34C635121}.Release|x64.ActiveCfg = Release|Any CPU
		{BF2997D0-4F1A-4FED-9CE0-47A34C635121}.Release|x64.Build.0 = Release|Any CPU
		{BF2997D0-4F1A-4FED-9CE0-47A34C635121}.Release|x64.Deploy.0 = Release|Any CPU
		{BF2997D0-4F1A-4FED-9CE0-47A34C635121}.Release|x86.ActiveCfg = Release|Any CPU
		{BF2997D0-4F1A-4FED-9CE0-47A34C635121}.Release|x86.Build.0 = Release|Any CPU
		{BF2997D0-4F1A-4FED-9CE0-47A34C635121}.Release|x86.Deploy.0 = Release|Any CPU
		{0B5DAF07-2BBD-4756-82B1-78F193F667B8}.Debug|Any CPU.ActiveCfg = Debug|iPhone
		{0B5DAF07-2BBD-4756-82B1-78F193F667B8}.Debug|ARM.ActiveCfg = Debug|iPhone
		{0B5DAF07-2BBD-4756-82B1-78F193F667B8}.Debug|iPhone.ActiveCfg = Debug|iPhone
		{0B5DAF07-2BBD-4756-82B1-78F193F667B8}.Debug|iPhone.Build.0 = Debug|iPhone
		{0B5DAF07-2BBD-4756-82B1-78F193F667B8}.Debug|iPhoneSimulator.ActiveCfg = Debug|iPhoneSimulator
		{0B5DAF07-2BBD-4756-82B1-78F193F667B8}.Debug|iPhoneSimulator.Build.0 = Debug|iPhoneSimulator
		{0B5DAF07-2BBD-4756-82B1-78F193F667B8}.Debug|x64.ActiveCfg = Debug|iPhone
		{0B5DAF07-2BBD-4756-82B1-78F193F667B8}.Debug|x86.ActiveCfg = Debug|iPhone
		{0B5DAF07-2BBD-4756-82B1-78F193F667B8}.Release|Any CPU.ActiveCfg = Release|iPhone
		{0B5DAF07-2BBD-4756-82B1-78F193F667B8}.Release|ARM.ActiveCfg = Release|iPhone
		{0B5DAF07-2BBD-4756-82B1-78F193F667B8}.Release|iPhone.ActiveCfg = Release|iPhone
		{0B5DAF07-2BBD-4756-82B1-78F193F667B8}.Release|iPhone.Build.0 = Release|iPhone
		{0B5DAF07-2BBD-4756-82B1-78F193F667B8}.Release|iPhoneSimulator.ActiveCfg = Release|iPhoneSimulator
		{0B5DAF07-2BBD-4756-82B1-78F193F667B8}.Release|iPhoneSimulator.Build.0 = Release|iPhoneSimulator
		{0B5DAF07-2BBD-4756-82B1-78F193F667B8}.Release|x64.ActiveCfg = Release|iPhone
		{0B5DAF07-2BBD-4756-82B1-78F193F667B8}.Release|x86.ActiveCfg = Release|iPhone
		{0DC62B7A-FDD5-45D8-849F-4109B6B44350}.Debug|Any CPU.ActiveCfg = Debug|x86
		{0DC62B7A-FDD5-45D8-849F-4109B6B44350}.Debug|Any CPU.Build.0 = Debug|x86
		{0DC62B7A-FDD5-45D8-849F-4109B6B44350}.Debug|Any CPU.Deploy.0 = Debug|x86
		{0DC62B7A-FDD5-45D8-849F-4109B6B44350}.Debug|ARM.ActiveCfg = Debug|ARM
		{0DC62B7A-FDD5-45D8-849F-4109B6B44350}.Debug|ARM.Build.0 = Debug|ARM
		{0DC62B7A-FDD5-45D8-849F-4109B6B44350}.Debug|ARM.Deploy.0 = Debug|ARM
		{0DC62B7A-FDD5-45D8-849F-4109B6B44350}.Debug|iPhone.ActiveCfg = Debug|x86
		{0DC62B7A-FDD5-45D8-849F-4109B6B44350}.Debug|iPhoneSimulator.ActiveCfg = Debug|x86
		{0DC62B7A-FDD5-45D8-849F-4109B6B44350}.Debug|x64.ActiveCfg = Debug|x64
		{0DC62B7A-FDD5-45D8-849F-4109B6B44350}.Debug|x64.Build.0 = Debug|x64
		{0DC62B7A-FDD5-45D8-849F-4109B6B44350}.Debug|x64.Deploy.0 = Debug|x64
		{0DC62B7A-FDD5-45D8-849F-4109B6B44350}.Debug|x86.ActiveCfg = Debug|x86
		{0DC62B7A-FDD5-45D8-849F-4109B6B44350}.Debug|x86.Build.0 = Debug|x86
		{0DC62B7A-FDD5-45D8-849F-4109B6B44350}.Debug|x86.Deploy.0 = Debug|x86
		{0DC62B7A-FDD5-45D8-849F-4109B6B44350}.Release|Any CPU.ActiveCfg = Release|x86
		{0DC62B7A-FDD5-45D8-849F-4109B6B44350}.Release|ARM.ActiveCfg = Release|ARM
		{0DC62B7A-FDD5-45D8-849F-4109B6B44350}.Release|ARM.Build.0 = Release|ARM
		{0DC62B7A-FDD5-45D8-849F-4109B6B44350}.Release|ARM.Deploy.0 = Release|ARM
		{0DC62B7A-FDD5-45D8-849F-4109B6B44350}.Release|iPhone.ActiveCfg = Release|x86
		{0DC62B7A-FDD5-45D8-849F-4109B6B44350}.Release|iPhoneSimulator.ActiveCfg = Release|x86
		{0DC62B7A-FDD5-45D8-849F-4109B6B44350}.Release|x64.ActiveCfg = Release|x64
		{0DC62B7A-FDD5-45D8-849F-4109B6B44350}.Release|x64.Build.0 = Release|x64
		{0DC62B7A-FDD5-45D8-849F-4109B6B44350}.Release|x64.Deploy.0 = Release|x64
		{0DC62B7A-FDD5-45D8-849F-4109B6B44350}.Release|x86.ActiveCfg = Release|x86
		{0DC62B7A-FDD5-45D8-849F-4109B6B44350}.Release|x86.Build.0 = Release|x86
		{0DC62B7A-FDD5-45D8-849F-4109B6B44350}.Release|x86.Deploy.0 = Release|x86
	EndGlobalSection
	GlobalSection(SolutionProperties) = preSolution
		HideSolutionNode = FALSE
	EndGlobalSection
EndGlobal
